
Microsoft Visual Studio Solution File, Format Version 12.00
# Visual Studio 15
VisualStudioVersion = 15.0.28307.329
MinimumVisualStudioVersion = 10.0.40219.1
Project("{FAE04EC0-301F-11D3-BF4B-00C04F79EFBC}") = "WindowsFormsApp2", "WindowsFormsApp2\WindowsFormsApp2.csproj", "{9D02332A-0644-423D-AF55-E339245970CA}"
EndProject
Global
	GlobalSection(SolutionConfigurationPlatforms) = preSolution
		Debug|Any CPU = Debug|Any CPU
		Release|Any CPU = Release|Any CPU
	EndGlobalSection
	GlobalSection(ProjectConfigurationPlatforms) = postSolution
		{9D02332A-0644-423D-AF55-E339245970CA}.Debug|Any CPU.ActiveCfg = Debug|Any CPU
		{9D02332A-0644-423D-AF55-E339245970CA}.Debug|Any CPU.Build.0 = Debug|Any CPU
		{9D02332A-0644-423D-AF55-E339245970CA}.Release|Any CPU.ActiveCfg = Release|Any CPU
		{9D02332A-0644-423D-AF55-E339245970CA}.Release|Any CPU.Build.0 = Release|Any CPU
	EndGlobalSection
	GlobalSection(SolutionProperties) = preSolution
		HideSolutionNode = FALSE
	EndGlobalSection
	GlobalSection(ExtensibilityGlobals) = postSolution
		SolutionGuid = {C60E9C2F-63AA-4F28-9302-5B6A5C72F5A2}
	EndGlobalSection
EndGlobal
